
Microsoft Visual Studio Solution File, Format Version 12.00
# Visual Studio Version 16
VisualStudioVersion = 16.0.32106.194
MinimumVisualStudioVersion = 10.0.40219.1
Project("{8BC9CEB8-8B4A-11D0-8D11-00A0C91BC942}") = "SList", "SList\SList.vcxproj", "{94278543-1A59-4F25-A2A4-4642223762EB}"
EndProject
Global
	GlobalSection(SolutionConfigurationPlatforms) = preSolution
		Debug|x64 = Debug|x64
		Debug|x86 = Debug|x86
		Release|x64 = Release|x64
		Release|x86 = Release|x86
	EndGlobalSection
	GlobalSection(ProjectConfigurationPlatforms) = postSolution
		{94278543-1A59-4F25-A2A4-4642223762EB}.Debug|x64.ActiveCfg = Debug|x64
		{94278543-1A59-4F25-A2A4-4642223762EB}.Debug|x64.Build.0 = Debug|x64
		{94278543-1A59-4F25-A2A4-4642223762EB}.Debug|x86.ActiveCfg = Debug|Win32
		{94278543-1A59-4F25-A2A4-4642223762EB}.Debug|x86.Build.0 = Debug|Win32
		{94278543-1A59-4F25-A2A4-4642223762EB}.Release|x64.ActiveCfg = Release|x64
		{94278543-1A59-4F25-A2A4-4642223762EB}.Release|x64.Build.0 = Release|x64
		{94278543-1A59-4F25-A2A4-4642223762EB}.Release|x86.ActiveCfg = Release|Win32
		{94278543-1A59-4F25-A2A4-4642223762EB}.Release|x86.Build.0 = Release|Win32
	EndGlobalSection
	GlobalSection(SolutionProperties) = preSolution
		HideSolutionNode = FALSE
	EndGlobalSection
	GlobalSection(ExtensibilityGlobals) = postSolution
		SolutionGuid = {2A32A3EA-27C8-40E6-9B62-32F982FA06D6}
	EndGlobalSection
EndGlobal
