
Microsoft Visual Studio Solution File, Format Version 12.00
# Visual Studio Version 16
VisualStudioVersion = 16.0.32106.194
MinimumVisualStudioVersion = 10.0.40219.1
Project("{8BC9CEB8-8B4A-11D0-8D11-00A0C91BC942}") = "Contact(User)", "Contact(User)\Contact(User).vcxproj", "{0DFAEF45-8D92-453B-8AA1-A05007F19B13}"
EndProject
Global
	GlobalSection(SolutionConfigurationPlatforms) = preSolution
		Debug|x64 = Debug|x64
		Debug|x86 = Debug|x86
		Release|x64 = Release|x64
		Release|x86 = Release|x86
	EndGlobalSection
	GlobalSection(ProjectConfigurationPlatforms) = postSolution
		{0DFAEF45-8D92-453B-8AA1-A05007F19B13}.Debug|x64.ActiveCfg = Debug|x64
		{0DFAEF45-8D92-453B-8AA1-A05007F19B13}.Debug|x64.Build.0 = Debug|x64
		{0DFAEF45-8D92-453B-8AA1-A05007F19B13}.Debug|x86.ActiveCfg = Debug|Win32
		{0DFAEF45-8D92-453B-8AA1-A05007F19B13}.Debug|x86.Build.0 = Debug|Win32
		{0DFAEF45-8D92-453B-8AA1-A05007F19B13}.Release|x64.ActiveCfg = Release|x64
		{0DFAEF45-8D92-453B-8AA1-A05007F19B13}.Release|x64.Build.0 = Release|x64
		{0DFAEF45-8D92-453B-8AA1-A05007F19B13}.Release|x86.ActiveCfg = Release|Win32
		{0DFAEF45-8D92-453B-8AA1-A05007F19B13}.Release|x86.Build.0 = Release|Win32
	EndGlobalSection
	GlobalSection(SolutionProperties) = preSolution
		HideSolutionNode = FALSE
	EndGlobalSection
	GlobalSection(ExtensibilityGlobals) = postSolution
		SolutionGuid = {67B6313D-3D0E-4CA1-8AE7-49C930029C8D}
	EndGlobalSection
EndGlobal
